// !$*UTF8*$!
{
	archiveVersion = 1;
	classes = {
	};
	objectVersion = 46;
	objects = {

/* Begin PBXBuildFile section */
		447E5ECE197FEBD700EF00B2 /* AppDelegate.swift in Sources */ = {isa = PBXBuildFile; fileRef = 447E5ECD197FEBD700EF00B2 /* AppDelegate.swift */; };
		447E5ED0197FEBD700EF00B2 /* GameScene.sks in Resources */ = {isa = PBXBuildFile; fileRef = 447E5ECF197FEBD700EF00B2 /* GameScene.sks */; };
		447E5ED2197FEBD700EF00B2 /* GameScene.swift in Sources */ = {isa = PBXBuildFile; fileRef = 447E5ED1197FEBD700EF00B2 /* GameScene.swift */; };
		447E5ED4197FEBD700EF00B2 /* GameViewController.swift in Sources */ = {isa = PBXBuildFile; fileRef = 447E5ED3197FEBD700EF00B2 /* GameViewController.swift */; };
		447E5ED7197FEBD700EF00B2 /* Main.storyboard in Resources */ = {isa = PBXBuildFile; fileRef = 447E5ED5197FEBD700EF00B2 /* Main.storyboard */; };
		447E5ED9197FEBD700EF00B2 /* Images.xcassets in Resources */ = {isa = PBXBuildFile; fileRef = 447E5ED8197FEBD700EF00B2 /* Images.xcassets */; };
		447E5EE5197FEBD800EF00B2 /* SkiptaculousTests.swift in Sources */ = {isa = PBXBuildFile; fileRef = 447E5EE4197FEBD800EF00B2 /* SkiptaculousTests.swift */; };
		447E5EF11980178E00EF00B2 /* RTUIColorExtensions.swift in Sources */ = {isa = PBXBuildFile; fileRef = 447E5EF01980178E00EF00B2 /* RTUIColorExtensions.swift */; };
/* End PBXBuildFile section */

/* Begin PBXContainerItemProxy section */
		447E5EDF197FEBD800EF00B2 /* PBXContainerItemProxy */ = {
			isa = PBXContainerItemProxy;
			containerPortal = 447E5EC0197FEBD700EF00B2 /* Project object */;
			proxyType = 1;
			remoteGlobalIDString = 447E5EC7197FEBD700EF00B2;
			remoteInfo = Skiptaculous;
		};
/* End PBXContainerItemProxy section */

/* Begin PBXFileReference section */
		447E5EC8197FEBD700EF00B2 /* Skiptaculous.app */ = {isa = PBXFileReference; explicitFileType = wrapper.application; includeInIndex = 0; path = Skiptaculous.app; sourceTree = BUILT_PRODUCTS_DIR; };
		447E5ECC197FEBD700EF00B2 /* Info.plist */ = {isa = PBXFileReference; lastKnownFileType = text.plist.xml; path = Info.plist; sourceTree = "<group>"; };
		447E5ECD197FEBD700EF00B2 /* AppDelegate.swift */ = {isa = PBXFileReference; lastKnownFileType = sourcecode.swift; path = AppDelegate.swift; sourceTree = "<group>"; };
		447E5ECF197FEBD700EF00B2 /* GameScene.sks */ = {isa = PBXFileReference; lastKnownFileType = file.sks; path = GameScene.sks; sourceTree = "<group>"; };
		447E5ED1197FEBD700EF00B2 /* GameScene.swift */ = {isa = PBXFileReference; lastKnownFileType = sourcecode.swift; path = GameScene.swift; sourceTree = "<group>"; };
		447E5ED3197FEBD700EF00B2 /* GameViewController.swift */ = {isa = PBXFileReference; lastKnownFileType = sourcecode.swift; path = GameViewController.swift; sourceTree = "<group>"; };
		447E5ED6197FEBD700EF00B2 /* Base */ = {isa = PBXFileReference; lastKnownFileType = file.storyboard; name = Base; path = Base.lproj/Main.storyboard; sourceTree = "<group>"; };
		447E5ED8197FEBD700EF00B2 /* Images.xcassets */ = {isa = PBXFileReference; lastKnownFileType = folder.assetcatalog; path = Images.xcassets; sourceTree = "<group>"; };
		447E5EDE197FEBD800EF00B2 /* SkiptaculousTests.xctest */ = {isa = PBXFileReference; explicitFileType = wrapper.cfbundle; includeInIndex = 0; path = SkiptaculousTests.xctest; sourceTree = BUILT_PRODUCTS_DIR; };
		447E5EE3197FEBD800EF00B2 /* Info.plist */ = {isa = PBXFileReference; lastKnownFileType = text.plist.xml; path = Info.plist; sourceTree = "<group>"; };
		447E5EE4197FEBD800EF00B2 /* SkiptaculousTests.swift */ = {isa = PBXFileReference; lastKnownFileType = sourcecode.swift; path = SkiptaculousTests.swift; sourceTree = "<group>"; };
		447E5EF01980178E00EF00B2 /* RTUIColorExtensions.swift */ = {isa = PBXFileReference; fileEncoding = 4; lastKnownFileType = sourcecode.swift; path = RTUIColorExtensions.swift; sourceTree = "<group>"; };
/* End PBXFileReference section */

/* Begin PBXFrameworksBuildPhase section */
		447E5EC5197FEBD700EF00B2 /* Frameworks */ = {
			isa = PBXFrameworksBuildPhase;
			buildActionMask = 2147483647;
			files = (
			);
			runOnlyForDeploymentPostprocessing = 0;
		};
		447E5EDB197FEBD800EF00B2 /* Frameworks */ = {
			isa = PBXFrameworksBuildPhase;
			buildActionMask = 2147483647;
			files = (
			);
			runOnlyForDeploymentPostprocessing = 0;
		};
/* End PBXFrameworksBuildPhase section */

/* Begin PBXGroup section */
		447E5EBF197FEBD700EF00B2 = {
			isa = PBXGroup;
			children = (
				447E5ECA197FEBD700EF00B2 /* Skiptaculous */,
				447E5EE1197FEBD800EF00B2 /* SkiptaculousTests */,
				447E5EC9197FEBD700EF00B2 /* Products */,
			);
			sourceTree = "<group>";
		};
		447E5EC9197FEBD700EF00B2 /* Products */ = {
			isa = PBXGroup;
			children = (
				447E5EC8197FEBD700EF00B2 /* Skiptaculous.app */,
				447E5EDE197FEBD800EF00B2 /* SkiptaculousTests.xctest */,
			);
			name = Products;
			sourceTree = "<group>";
		};
		447E5ECA197FEBD700EF00B2 /* Skiptaculous */ = {
			isa = PBXGroup;
			children = (
				447E5EF01980178E00EF00B2 /* RTUIColorExtensions.swift */,
				447E5ECD197FEBD700EF00B2 /* AppDelegate.swift */,
				447E5ECF197FEBD700EF00B2 /* GameScene.sks */,
				447E5ED1197FEBD700EF00B2 /* GameScene.swift */,
				447E5ED3197FEBD700EF00B2 /* GameViewController.swift */,
				447E5ED5197FEBD700EF00B2 /* Main.storyboard */,
				447E5ED8197FEBD700EF00B2 /* Images.xcassets */,
				447E5ECB197FEBD700EF00B2 /* Supporting Files */,
			);
			path = Skiptaculous;
			sourceTree = "<group>";
		};
		447E5ECB197FEBD700EF00B2 /* Supporting Files */ = {
			isa = PBXGroup;
			children = (
				447E5ECC197FEBD700EF00B2 /* Info.plist */,
			);
			name = "Supporting Files";
			sourceTree = "<group>";
		};
		447E5EE1197FEBD800EF00B2 /* SkiptaculousTests */ = {
			isa = PBXGroup;
			children = (
				447E5EE4197FEBD800EF00B2 /* SkiptaculousTests.swift */,
				447E5EE2197FEBD800EF00B2 /* Supporting Files */,
			);
			path = SkiptaculousTests;
			sourceTree = "<group>";
		};
		447E5EE2197FEBD800EF00B2 /* Supporting Files */ = {
			isa = PBXGroup;
			children = (
				447E5EE3197FEBD800EF00B2 /* Info.plist */,
			);
			name = "Supporting Files";
			sourceTree = "<group>";
		};
/* End PBXGroup section */

/* Begin PBXNativeTarget section */
		447E5EC7197FEBD700EF00B2 /* Skiptaculous */ = {
			isa = PBXNativeTarget;
			buildConfigurationList = 447E5EE8197FEBD800EF00B2 /* Build configuration list for PBXNativeTarget "Skiptaculous" */;
			buildPhases = (
				447E5EC4197FEBD700EF00B2 /* Sources */,
				447E5EC5197FEBD700EF00B2 /* Frameworks */,
				447E5EC6197FEBD700EF00B2 /* Resources */,
			);
			buildRules = (
			);
			dependencies = (
			);
			name = Skiptaculous;
			productName = Skiptaculous;
			productReference = 447E5EC8197FEBD700EF00B2 /* Skiptaculous.app */;
			productType = "com.apple.product-type.application";
		};
		447E5EDD197FEBD800EF00B2 /* SkiptaculousTests */ = {
			isa = PBXNativeTarget;
			buildConfigurationList = 447E5EEB197FEBD800EF00B2 /* Build configuration list for PBXNativeTarget "SkiptaculousTests" */;
			buildPhases = (
				447E5EDA197FEBD800EF00B2 /* Sources */,
				447E5EDB197FEBD800EF00B2 /* Frameworks */,
				447E5EDC197FEBD800EF00B2 /* Resources */,
			);
			buildRules = (
			);
			dependencies = (
				447E5EE0197FEBD800EF00B2 /* PBXTargetDependency */,
			);
			name = SkiptaculousTests;
			productName = SkiptaculousTests;
			productReference = 447E5EDE197FEBD800EF00B2 /* SkiptaculousTests.xctest */;
			productType = "com.apple.product-type.bundle.unit-test";
		};
/* End PBXNativeTarget section */

/* Begin PBXProject section */
		447E5EC0197FEBD700EF00B2 /* Project object */ = {
			isa = PBXProject;
			attributes = {
				LastUpgradeCheck = 0600;
				ORGANIZATIONNAME = P0nj4;
				TargetAttributes = {
					447E5EC7197FEBD700EF00B2 = {
						CreatedOnToolsVersion = 6.0;
					};
					447E5EDD197FEBD800EF00B2 = {
						CreatedOnToolsVersion = 6.0;
						TestTargetID = 447E5EC7197FEBD700EF00B2;
					};
				};
			};
			buildConfigurationList = 447E5EC3197FEBD700EF00B2 /* Build configuration list for PBXProject "Skiptaculous" */;
			compatibilityVersion = "Xcode 3.2";
			developmentRegion = English;
			hasScannedForEncodings = 0;
			knownRegions = (
				en,
				Base,
			);
			mainGroup = 447E5EBF197FEBD700EF00B2;
			productRefGroup = 447E5EC9197FEBD700EF00B2 /* Products */;
			projectDirPath = "";
			projectRoot = "";
			targets = (
				447E5EC7197FEBD700EF00B2 /* Skiptaculous */,
				447E5EDD197FEBD800EF00B2 /* SkiptaculousTests */,
			);
		};
/* End PBXProject section */

/* Begin PBXResourcesBuildPhase section */
		447E5EC6197FEBD700EF00B2 /* Resources */ = {
			isa = PBXResourcesBuildPhase;
			buildActionMask = 2147483647;
			files = (
				447E5ED9197FEBD700EF00B2 /* Images.xcassets in Resources */,
				447E5ED0197FEBD700EF00B2 /* GameScene.sks in Resources */,
				447E5ED7197FEBD700EF00B2 /* Main.storyboard in Resources */,
			);
			runOnlyForDeploymentPostprocessing = 0;
		};
		447E5EDC197FEBD800EF00B2 /* Resources */ = {
			isa = PBXResourcesBuildPhase;
			buildActionMask = 2147483647;
			files = (
			);
			runOnlyForDeploymentPostprocessing = 0;
		};
/* End PBXResourcesBuildPhase section */

/* Begin PBXSourcesBuildPhase section */
		447E5EC4197FEBD700EF00B2 /* Sources */ = {
			isa = PBXSourcesBuildPhase;
			buildActionMask = 2147483647;
			files = (
				447E5ED2197FEBD700EF00B2 /* GameScene.swift in Sources */,
				447E5EF11980178E00EF00B2 /* RTUIColorExtensions.swift in Sources */,
				447E5ED4197FEBD700EF00B2 /* GameViewController.swift in Sources */,
				447E5ECE197FEBD700EF00B2 /* AppDelegate.swift in Sources */,
			);
			runOnlyForDeploymentPostprocessing = 0;
		};
		447E5EDA197FEBD800EF00B2 /* Sources */ = {
			isa = PBXSourcesBuildPhase;
			buildActionMask = 2147483647;
			files = (
				447E5EE5197FEBD800EF00B2 /* SkiptaculousTests.swift in Sources */,
			);
			runOnlyForDeploymentPostprocessing = 0;
		};
/* End PBXSourcesBuildPhase section */

/* Begin PBXTargetDependency section */
		447E5EE0197FEBD800EF00B2 /* PBXTargetDependency */ = {
			isa = PBXTargetDependency;
			target = 447E5EC7197FEBD700EF00B2 /* Skiptaculous */;
			targetProxy = 447E5EDF197FEBD800EF00B2 /* PBXContainerItemProxy */;
		};
/* End PBXTargetDependency section */

/* Begin PBXVariantGroup section */
		447E5ED5197FEBD700EF00B2 /* Main.storyboard */ = {
			isa = PBXVariantGroup;
			children = (
				447E5ED6197FEBD700EF00B2 /* Base */,
			);
			name = Main.storyboard;
			sourceTree = "<group>";
		};
/* End PBXVariantGroup section */

/* Begin XCBuildConfiguration section */
		447E5EE6197FEBD800EF00B2 /* Debug */ = {
			isa = XCBuildConfiguration;
			buildSettings = {
				ALWAYS_SEARCH_USER_PATHS = NO;
				CLANG_CXX_LANGUAGE_STANDARD = "gnu++0x";
				CLANG_CXX_LIBRARY = "libc++";
				CLANG_ENABLE_MODULES = YES;
				CLANG_ENABLE_OBJC_ARC = YES;
				CLANG_WARN_BOOL_CONVERSION = YES;
				CLANG_WARN_CONSTANT_CONVERSION = YES;
				CLANG_WARN_DIRECT_OBJC_ISA_USAGE = YES_ERROR;
				CLANG_WARN_EMPTY_BODY = YES;
				CLANG_WARN_ENUM_CONVERSION = YES;
				CLANG_WARN_INT_CONVERSION = YES;
				CLANG_WARN_OBJC_ROOT_CLASS = YES_ERROR;
				CLANG_WARN_UNREACHABLE_CODE = YES;
				CLANG_WARN__DUPLICATE_METHOD_MATCH = YES;
				"CODE_SIGN_IDENTITY[sdk=iphoneos*]" = "iPhone Developer";
				COPY_PHASE_STRIP = NO;
				ENABLE_STRICT_OBJC_MSGSEND = YES;
				GCC_C_LANGUAGE_STANDARD = gnu99;
				GCC_DYNAMIC_NO_PIC = NO;
				GCC_OPTIMIZATION_LEVEL = 0;
				GCC_PREPROCESSOR_DEFINITIONS = (
					"DEBUG=1",
					"$(inherited)",
				);
				GCC_SYMBOLS_PRIVATE_EXTERN = NO;
				GCC_WARN_64_TO_32_BIT_CONVERSION = YES;
				GCC_WARN_ABOUT_RETURN_TYPE = YES_ERROR;
				GCC_WARN_UNDECLARED_SELECTOR = YES;
				GCC_WARN_UNINITIALIZED_AUTOS = YES_AGGRESSIVE;
				GCC_WARN_UNUSED_FUNCTION = YES;
				GCC_WARN_UNUSED_VARIABLE = YES;
				IPHONEOS_DEPLOYMENT_TARGET = 8.0;
				MTL_ENABLE_DEBUG_INFO = YES;
				ONLY_ACTIVE_ARCH = YES;
				SDKROOT = iphoneos;
				SWIFT_OPTIMIZATION_LEVEL = "-Onone";
			};
			name = Debug;
		};
		447E5EE7197FEBD800EF00B2 /* Release */ = {
			isa = XCBuildConfiguration;
			buildSettings = {
				ALWAYS_SEARCH_USER_PATHS = NO;
				CLANG_CXX_LANGUAGE_STANDARD = "gnu++0x";
				CLANG_CXX_LIBRARY = "libc++";
				CLANG_ENABLE_MODULES = YES;
				CLANG_ENABLE_OBJC_ARC = YES;
				CLANG_WARN_BOOL_CONVERSION = YES;
				CLANG_WARN_CONSTANT_CONVERSION = YES;
				CLANG_WARN_DIRECT_OBJC_ISA_USAGE = YES_ERROR;
				CLANG_WARN_EMPTY_BODY = YES;
				CLANG_WARN_ENUM_CONVERSION = YES;
				CLANG_WARN_INT_CONVERSION = YES;
				CLANG_WARN_OBJC_ROOT_CLASS = YES_ERROR;
				CLANG_WARN_UNREACHABLE_CODE = YES;
				CLANG_WARN__DUPLICATE_METHOD_MATCH = YES;
				"CODE_SIGN_IDENTITY[sdk=iphoneos*]" = "iPhone Developer";
				COPY_PHASE_STRIP = YES;
				ENABLE_NS_ASSERTIONS = NO;
				ENABLE_STRICT_OBJC_MSGSEND = YES;
				GCC_C_LANGUAGE_STANDARD = gnu99;
				GCC_WARN_64_TO_32_BIT_CONVERSION = YES;
				GCC_WARN_ABOUT_RETURN_TYPE = YES_ERROR;
				GCC_WARN_UNDECLARED_SELECTOR = YES;
				GCC_WARN_UNINITIALIZED_AUTOS = YES_AGGRESSIVE;
				GCC_WARN_UNUSED_FUNCTION = YES;
				GCC_WARN_UNUSED_VARIABLE = YES;
				IPHONEOS_DEPLOYMENT_TARGET = 8.0;
				MTL_ENABLE_DEBUG_INFO = NO;
				SDKROOT = iphoneos;
				VALIDATE_PRODUCT = YES;
			};
			name = Release;
		};
		447E5EE9197FEBD800EF00B2 /* Debug */ = {
			isa = XCBuildConfiguration;
			buildSettings = {
				ASSETCATALOG_COMPILER_APPICON_NAME = AppIcon;
				ASSETCATALOG_COMPILER_LAUNCHIMAGE_NAME = LaunchImage;
				INFOPLIST_FILE = Skiptaculous/Info.plist;
				LD_RUNPATH_SEARCH_PATHS = "$(inherited) @executable_path/Frameworks";
				PRODUCT_NAME = "$(TARGET_NAME)";
			};
			name = Debug;
		};
		447E5EEA197FEBD800EF00B2 /* Release */ = {
			isa = XCBuildConfiguration;
			buildSettings = {
				ASSETCATALOG_COMPILER_APPICON_NAME = AppIcon;
				ASSETCATALOG_COMPILER_LAUNCHIMAGE_NAME = LaunchImage;
				INFOPLIST_FILE = Skiptaculous/Info.plist;
				LD_RUNPATH_SEARCH_PATHS = "$(inherited) @executable_path/Frameworks";
				PRODUCT_NAME = "$(TARGET_NAME)";
			};
			name = Release;
		};
		447E5EEC197FEBD800EF00B2 /* Debug */ = {
			isa = XCBuildConfiguration;
			buildSettings = {
				BUNDLE_LOADER = "$(BUILT_PRODUCTS_DIR)/Skiptaculous.app/Skiptaculous";
				FRAMEWORK_SEARCH_PATHS = (
					"$(SDKROOT)/Developer/Library/Frameworks",
					"$(inherited)",
				);
				GCC_PREPROCESSOR_DEFINITIONS = (
					"DEBUG=1",
					"$(inherited)",
				);
				INFOPLIST_FILE = SkiptaculousTests/Info.plist;
				LD_RUNPATH_SEARCH_PATHS = "$(inherited) @executable_path/Frameworks @loader_path/Frameworks";
				PRODUCT_NAME = "$(TARGET_NAME)";
				TEST_HOST = "$(BUNDLE_LOADER)";
			};
			name = Debug;
		};
		447E5EED197FEBD800EF00B2 /* Release */ = {
			isa = XCBuildConfiguration;
			buildSettings = {
				BUNDLE_LOADER = "$(BUILT_PRODUCTS_DIR)/Skiptaculous.app/Skiptaculous";
				FRAMEWORK_SEARCH_PATHS = (
					"$(SDKROOT)/Developer/Library/Frameworks",
					"$(inherited)",
				);
				INFOPLIST_FILE = SkiptaculousTests/Info.plist;
				LD_RUNPATH_SEARCH_PATHS = "$(inherited) @executable_path/Frameworks @loader_path/Frameworks";
				PRODUCT_NAME = "$(TARGET_NAME)";
				TEST_HOST = "$(BUNDLE_LOADER)";
			};
			name = Release;
		};
/* End XCBuildConfiguration section */

/* Begin XCConfigurationList section */
		447E5EC3197FEBD700EF00B2 /* Build configuration list for PBXProject "Skiptaculous" */ = {
			isa = XCConfigurationList;
			buildConfigurations = (
				447E5EE6197FEBD800EF00B2 /* Debug */,
				447E5EE7197FEBD800EF00B2 /* Release */,
			);
			defaultConfigurationIsVisible = 0;
			defaultConfigurationName = Release;
		};
		447E5EE8197FEBD800EF00B2 /* Build configuration list for PBXNativeTarget "Skiptaculous" */ = {
			isa = XCConfigurationList;
			buildConfigurations = (
				447E5EE9197FEBD800EF00B2 /* Debug */,
				447E5EEA197FEBD800EF00B2 /* Release */,
			);
			defaultConfigurationIsVisible = 0;
		};
		447E5EEB197FEBD800EF00B2 /* Build configuration list for PBXNativeTarget "SkiptaculousTests" */ = {
			isa = XCConfigurationList;
			buildConfigurations = (
				447E5EEC197FEBD800EF00B2 /* Debug */,
				447E5EED197FEBD800EF00B2 /* Release */,
			);
			defaultConfigurationIsVisible = 0;
		};
/* End XCConfigurationList section */
	};
	rootObject = 447E5EC0197FEBD700EF00B2 /* Project object */;
}
